darvaza.org/core v0.15.3 h1:gfzWN8CyRrQVikFpEj89W4WZ00OIN8VYxRWHEwG2WyQ=
darvaza.org/core v0.15.3/go.mod h1:S8QWBUX2FOYcT7Cl3K6oG6PSJDm6/2cI79MPEyRh844=
golang.org/x/net v0.32.0 h1:ZqPmj8Kzc+Y6e0+skZsuACbx+wzMgo5MQsJh9Qd6aYI=
golang.org/x/text v0.21.0 h1:zyQAAkrwaneQ066sspRyJaG9VNi/YJ1NfzcGB3hZ/qo=
