darvaza.org/core v0.19.0 h1:vK56K+4DyvaiFjB5iifzt6BwsldDOWcV2Dut6H0T958=
darvaza.org/core v0.19.0/go.mod h1:8+rhinVhCzJf814uPOYFRmj1D+8mO7bkbo/hrK0Lmkk=
golang.org/x/net v0.50.0 h1:ucWh9eiCGyDR3vtzso0WMQinm2Dnt8cFMuQa9K33J60=
golang.org/x/net v0.50.0/go.mod h1:UgoSli3F/pBgdJBHCTc+tp3gmrU4XswgGRgtnwWTfyM=
golang.org/x/text v0.34.0 h1:oL/Qq0Kdaqxa1KbNeMKwQq0reLCCaFtqu2eNuSeNHbk=
golang.org/x/text v0.34.0/go.mod h1:homfLqTYRFyVYemLBFl5GgL/DWEiH5wcsQ5gSh1yziA=
